
Microsoft Visual Studio Solution File, Format Version 11.00
# Visual Studio 2010
Project("{8BC9CEB8-8B4A-11D0-8D11-00A0C91BC942}") = "RoundRobin", "RoundRobin\RoundRobin.vcxproj", "{039348D3-05F5-467A-A496-87CF0D6C14F3}"
EndProject
Global
	GlobalSection(SolutionConfigurationPlatforms) = preSolution
		Debug|Win32 = Debug|Win32
		Release|Win32 = Release|Win32
	EndGlobalSection
	GlobalSection(ProjectConfigurationPlatforms) = postSolution
		{039348D3-05F5-467A-A496-87CF0D6C14F3}.Debug|Win32.ActiveCfg = Debug|Win32
		{039348D3-05F5-467A-A496-87CF0D6C14F3}.Debug|Win32.Build.0 = Debug|Win32
		{039348D3-05F5-467A-A496-87CF0D6C14F3}.Release|Win32.ActiveCfg = Release|Win32
		{039348D3-05F5-467A-A496-87CF0D6C14F3}.Release|Win32.Build.0 = Release|Win32
	EndGlobalSection
	GlobalSection(SolutionProperties) = preSolution
		HideSolutionNode = FALSE
	EndGlobalSection
EndGlobal
